
Microsoft Visual Studio Solution File, Format Version 9.00
# SharpDevelop 2.1.0.2017
Project("{FAE04EC0-301F-11D3-BF4B-00C04F79EFBC}") = "bugreport", "bugreport.csproj", "{EC8B7F75-9D08-4BBA-9480-67785FB9C0DE}"
EndProject
Project("{FAE04EC0-301F-11D3-BF4B-00C04F79EFBC}") = "analysis", "analysis.csproj", "{B5D04410-74D0-4A43-8904-876611C61F68}"
EndProject
Global
	GlobalSection(SolutionConfigurationPlatforms) = preSolution
		Debug|Any CPU = Debug|Any CPU
		Release|Any CPU = Release|Any CPU
	EndGlobalSection
	GlobalSection(ProjectConfigurationPlatforms) = postSolution
		{EC8B7F75-9D08-4BBA-9480-67785FB9C0DE}.Debug|Any CPU.Build.0 = Debug|Any CPU
		{EC8B7F75-9D08-4BBA-9480-67785FB9C0DE}.Debug|Any CPU.ActiveCfg = Debug|Any CPU
		{EC8B7F75-9D08-4BBA-9480-67785FB9C0DE}.Release|Any CPU.Build.0 = Release|Any CPU
		{EC8B7F75-9D08-4BBA-9480-67785FB9C0DE}.Release|Any CPU.ActiveCfg = Release|Any CPU
		{B5D04410-74D0-4A43-8904-876611C61F68}.Debug|Any CPU.Build.0 = Debug|Any CPU
		{B5D04410-74D0-4A43-8904-876611C61F68}.Debug|Any CPU.ActiveCfg = Debug|Any CPU
		{B5D04410-74D0-4A43-8904-876611C61F68}.Release|Any CPU.Build.0 = Release|Any CPU
		{B5D04410-74D0-4A43-8904-876611C61F68}.Release|Any CPU.ActiveCfg = Release|Any CPU
	EndGlobalSection
EndGlobal
